// !$*UTF8*$!
{
	archiveVersion = 1;
	classes = {
	};
	objectVersion = 55;
	objects = {

/* Begin PBXBuildFile section */
		0926BBD4289C2DA4009BB6D4 /* AppDelegate.swift in Sources */ = {isa = PBXBuildFile; fileRef = 0926BBD3289C2DA4009BB6D4 /* AppDelegate.swift */; };
		0926BBD6289C2DA4009BB6D4 /* SceneDelegate.swift in Sources */ = {isa = PBXBuildFile; fileRef = 0926BBD5289C2DA4009BB6D4 /* SceneDelegate.swift */; };
		0926BBD8289C2DA4009BB6D4 /* ViewController.swift in Sources */ = {isa = PBXBuildFile; fileRef = 0926BBD7289C2DA4009BB6D4 /* ViewController.swift */; };
		0926BBDB289C2DA4009BB6D4 /* Main.storyboard in Resources */ = {isa = PBXBuildFile; fileRef = 0926BBD9289C2DA4009BB6D4 /* Main.storyboard */; };
		0926BBDD289C2DA5009BB6D4 /* Assets.xcassets in Resources */ = {isa = PBXBuildFile; fileRef = 0926BBDC289C2DA5009BB6D4 /* Assets.xcassets */; };
		0926BBE0289C2DA5009BB6D4 /* LaunchScreen.storyboard in Resources */ = {isa = PBXBuildFile; fileRef = 0926BBDE289C2DA5009BB6D4 /* LaunchScreen.storyboard */; };
		0926BBEF289C32A0009BB6D4 /* SpringAnimation in Frameworks */ = {isa = PBXBuildFile; productRef = 0926BBEE289C32A0009BB6D4 /* SpringAnimation */; };
		0926BBF2289C32B2009BB6D4 /* SpringAnimation in Frameworks */ = {isa = PBXBuildFile; productRef = 0926BBF1289C32B2009BB6D4 /* SpringAnimation */; };
		093C8E86289D226700F2634D /* AnimationModel.swift in Sources */ = {isa = PBXBuildFile; fileRef = 093C8E85289D226700F2634D /* AnimationModel.swift */; };
		093C8E8D289D284C00F2634D /* DataStore.swift in Sources */ = {isa = PBXBuildFile; fileRef = 093C8E8C289D284C00F2634D /* DataStore.swift */; };
/* End PBXBuildFile section */

/* Begin PBXFileReference section */
		0926BBD0289C2DA4009BB6D4 /* SpringDependencyHW3-1.app */ = {isa = PBXFileReference; explicitFileType = wrapper.application; includeInIndex = 0; path = "SpringDependencyHW3-1.app"; sourceTree = BUILT_PRODUCTS_DIR; };
		0926BBD3289C2DA4009BB6D4 /* AppDelegate.swift */ = {isa = PBXFileReference; lastKnownFileType = sourcecode.swift; path = AppDelegate.swift; sourceTree = "<group>"; };
		0926BBD5289C2DA4009BB6D4 /* SceneDelegate.swift */ = {isa = PBXFileReference; lastKnownFileType = sourcecode.swift; path = SceneDelegate.swift; sourceTree = "<group>"; };
		0926BBD7289C2DA4009BB6D4 /* ViewController.swift */ = {isa = PBXFileReference; lastKnownFileType = sourcecode.swift; path = ViewController.swift; sourceTree = "<group>"; };
		0926BBDA289C2DA4009BB6D4 /* Base */ = {isa = PBXFileReference; lastKnownFileType = file.storyboard; name = Base; path = Base.lproj/Main.storyboard; sourceTree = "<group>"; };
		0926BBDC289C2DA5009BB6D4 /* Assets.xcassets */ = {isa = PBXFileReference; lastKnownFileType = folder.assetcatalog; path = Assets.xcassets; sourceTree = "<group>"; };
		0926BBDF289C2DA5009BB6D4 /* Base */ = {isa = PBXFileReference; lastKnownFileType = file.storyboard; name = Base; path = Base.lproj/LaunchScreen.storyboard; sourceTree = "<group>"; };
		0926BBE1289C2DA5009BB6D4 /* Info.plist */ = {isa = PBXFileReference; lastKnownFileType = text.plist.xml; path = Info.plist; sourceTree = "<group>"; };
		093C8E85289D226700F2634D /* AnimationModel.swift */ = {isa = PBXFileReference; lastKnownFileType = sourcecode.swift; path = AnimationModel.swift; sourceTree = "<group>"; };
		093C8E8C289D284C00F2634D /* DataStore.swift */ = {isa = PBXFileReference; lastKnownFileType = sourcecode.swift; path = DataStore.swift; sourceTree = "<group>"; };
/* End PBXFileReference section */

/* Begin PBXFrameworksBuildPhase section */
		0926BBCD289C2DA4009BB6D4 /* Frameworks */ = {
			isa = PBXFrameworksBuildPhase;
			buildActionMask = 2147483647;
			files = (
				0926BBF2289C32B2009BB6D4 /* SpringAnimation in Frameworks */,
				0926BBEF289C32A0009BB6D4 /* SpringAnimation in Frameworks */,
			);
			runOnlyForDeploymentPostprocessing = 0;
		};
/* End PBXFrameworksBuildPhase section */

/* Begin PBXGroup section */
		0926BBC7289C2DA4009BB6D4 = {
			isa = PBXGroup;
			children = (
				0926BBD2289C2DA4009BB6D4 /* SpringDependencyHW3-1 */,
				0926BBD1289C2DA4009BB6D4 /* Products */,
			);
			sourceTree = "<group>";
		};
		0926BBD1289C2DA4009BB6D4 /* Products */ = {
			isa = PBXGroup;
			children = (
				0926BBD0289C2DA4009BB6D4 /* SpringDependencyHW3-1.app */,
			);
			name = Products;
			sourceTree = "<group>";
		};
		0926BBD2289C2DA4009BB6D4 /* SpringDependencyHW3-1 */ = {
			isa = PBXGroup;
			children = (
				093C8E8B289D283700F2634D /* Services */,
				093C8E87289D26BA00F2634D /* ViewControllers */,
				093C8E84289D225600F2634D /* Models */,
				093C8E8A289D272600F2634D /* Storyboards */,
				093C8E88289D26CC00F2634D /* AppConfig */,
				093C8E89289D271800F2634D /* Resources */,
			);
			path = "SpringDependencyHW3-1";
			sourceTree = "<group>";
		};
		093C8E84289D225600F2634D /* Models */ = {
			isa = PBXGroup;
			children = (
				093C8E85289D226700F2634D /* AnimationModel.swift */,
			);
			path = Models;
			sourceTree = "<group>";
		};
		093C8E87289D26BA00F2634D /* ViewControllers */ = {
			isa = PBXGroup;
			children = (
				0926BBD7289C2DA4009BB6D4 /* ViewController.swift */,
			);
			path = ViewControllers;
			sourceTree = "<group>";
		};
		093C8E88289D26CC00F2634D /* AppConfig */ = {
			isa = PBXGroup;
			children = (
				0926BBE1289C2DA5009BB6D4 /* Info.plist */,
				0926BBD3289C2DA4009BB6D4 /* AppDelegate.swift */,
				0926BBD5289C2DA4009BB6D4 /* SceneDelegate.swift */,
			);
			path = AppConfig;
			sourceTree = "<group>";
		};
		093C8E89289D271800F2634D /* Resources */ = {
			isa = PBXGroup;
			children = (
				0926BBDC289C2DA5009BB6D4 /* Assets.xcassets */,
			);
			path = Resources;
			sourceTree = "<group>";
		};
		093C8E8A289D272600F2634D /* Storyboards */ = {
			isa = PBXGroup;
			children = (
				0926BBD9289C2DA4009BB6D4 /* Main.storyboard */,
				0926BBDE289C2DA5009BB6D4 /* LaunchScreen.storyboard */,
			);
			path = Storyboards;
			sourceTree = "<group>";
		};
		093C8E8B289D283700F2634D /* Services */ = {
			isa = PBXGroup;
			children = (
				093C8E8C289D284C00F2634D /* DataStore.swift */,
			);
			path = Services;
			sourceTree = "<group>";
		};
/* End PBXGroup section */

/* Begin PBXNativeTarget section */
		0926BBCF289C2DA4009BB6D4 /* SpringDependencyHW3-1 */ = {
			isa = PBXNativeTarget;
			buildConfigurationList = 0926BBE4289C2DA5009BB6D4 /* Build configuration list for PBXNativeTarget "SpringDependencyHW3-1" */;
			buildPhases = (
				0926BBCC289C2DA4009BB6D4 /* Sources */,
				0926BBCD289C2DA4009BB6D4 /* Frameworks */,
				0926BBCE289C2DA4009BB6D4 /* Resources */,
			);
			buildRules = (
			);
			dependencies = (
			);
			name = "SpringDependencyHW3-1";
			packageProductDependencies = (
				0926BBEE289C32A0009BB6D4 /* SpringAnimation */,
				0926BBF1289C32B2009BB6D4 /* SpringAnimation */,
			);
			productName = "SpringDependencyHW3-1";
			productReference = 0926BBD0289C2DA4009BB6D4 /* SpringDependencyHW3-1.app */;
			productType = "com.apple.product-type.application";
		};
/* End PBXNativeTarget section */

/* Begin PBXProject section */
		0926BBC8289C2DA4009BB6D4 /* Project object */ = {
			isa = PBXProject;
			attributes = {
				BuildIndependentTargetsInParallel = 1;
				LastSwiftUpdateCheck = 1340;
				LastUpgradeCheck = 1340;
				TargetAttributes = {
					0926BBCF289C2DA4009BB6D4 = {
						CreatedOnToolsVersion = 13.4.1;
					};
				};
			};
			buildConfigurationList = 0926BBCB289C2DA4009BB6D4 /* Build configuration list for PBXProject "SpringDependencyHW3-1" */;
			compatibilityVersion = "Xcode 13.0";
			developmentRegion = en;
			hasScannedForEncodings = 0;
			knownRegions = (
				en,
				Base,
			);
			mainGroup = 0926BBC7289C2DA4009BB6D4;
			packageReferences = (
				0926BBE8289C2F1D009BB6D4 /* XCRemoteSwiftPackageReference "SpringAnimation" */,
				0926BBED289C32A0009BB6D4 /* XCRemoteSwiftPackageReference "SpringAnimation" */,
				0926BBF0289C32B2009BB6D4 /* XCRemoteSwiftPackageReference "SpringAnimation" */,
			);
			productRefGroup = 0926BBD1289C2DA4009BB6D4 /* Products */;
			projectDirPath = "";
			projectRoot = "";
			targets = (
				0926BBCF289C2DA4009BB6D4 /* SpringDependencyHW3-1 */,
			);
		};
/* End PBXProject section */

/* Begin PBXResourcesBuildPhase section */
		0926BBCE289C2DA4009BB6D4 /* Resources */ = {
			isa = PBXResourcesBuildPhase;
			buildActionMask = 2147483647;
			files = (
				0926BBE0289C2DA5009BB6D4 /* LaunchScreen.storyboard in Resources */,
				0926BBDD289C2DA5009BB6D4 /* Assets.xcassets in Resources */,
				0926BBDB289C2DA4009BB6D4 /* Main.storyboard in Resources */,
			);
			runOnlyForDeploymentPostprocessing = 0;
		};
/* End PBXResourcesBuildPhase section */

/* Begin PBXSourcesBuildPhase section */
		0926BBCC289C2DA4009BB6D4 /* Sources */ = {
			isa = PBXSourcesBuildPhase;
			buildActionMask = 2147483647;
			files = (
				093C8E86289D226700F2634D /* AnimationModel.swift in Sources */,
				0926BBD8289C2DA4009BB6D4 /* ViewController.swift in Sources */,
				0926BBD4289C2DA4009BB6D4 /* AppDelegate.swift in Sources */,
				093C8E8D289D284C00F2634D /* DataStore.swift in Sources */,
				0926BBD6289C2DA4009BB6D4 /* SceneDelegate.swift in Sources */,
			);
			runOnlyForDeploymentPostprocessing = 0;
		};
/* End PBXSourcesBuildPhase section */

/* Begin PBXVariantGroup section */
		0926BBD9289C2DA4009BB6D4 /* Main.storyboard */ = {
			isa = PBXVariantGroup;
			children = (
				0926BBDA289C2DA4009BB6D4 /* Base */,
			);
			name = Main.storyboard;
			sourceTree = "<group>";
		};
		0926BBDE289C2DA5009BB6D4 /* LaunchScreen.storyboard */ = {
			isa = PBXVariantGroup;
			children = (
				0926BBDF289C2DA5009BB6D4 /* Base */,
			);
			name = LaunchScreen.storyboard;
			sourceTree = "<group>";
		};
/* End PBXVariantGroup section */

/* Begin XCBuildConfiguration section */
		0926BBE2289C2DA5009BB6D4 /* Debug */ = {
			isa = XCBuildConfiguration;
			buildSettings = {
				ALWAYS_SEARCH_USER_PATHS = NO;
				CLANG_ANALYZER_NONNULL = YES;
				CLANG_ANALYZER_NUMBER_OBJECT_CONVERSION = YES_AGGRESSIVE;
				CLANG_CXX_LANGUAGE_STANDARD = "gnu++17";
				CLANG_ENABLE_MODULES = YES;
				CLANG_ENABLE_OBJC_ARC = YES;
				CLANG_ENABLE_OBJC_WEAK = YES;
				CLANG_WARN_BLOCK_CAPTURE_AUTORELEASING = YES;
				CLANG_WARN_BOOL_CONVERSION = YES;
				CLANG_WARN_COMMA = YES;
				CLANG_WARN_CONSTANT_CONVERSION = YES;
				CLANG_WARN_DEPRECATED_OBJC_IMPLEMENTATIONS = YES;
				CLANG_WARN_DIRECT_OBJC_ISA_USAGE = YES_ERROR;
				CLANG_WARN_DOCUMENTATION_COMMENTS = YES;
				CLANG_WARN_EMPTY_BODY = YES;
				CLANG_WARN_ENUM_CONVERSION = YES;
				CLANG_WARN_INFINITE_RECURSION = YES;
				CLANG_WARN_INT_CONVERSION = YES;
				CLANG_WARN_NON_LITERAL_NULL_CONVERSION = YES;
				CLANG_WARN_OBJC_IMPLICIT_RETAIN_SELF = YES;
				CLANG_WARN_OBJC_LITERAL_CONVERSION = YES;
				CLANG_WARN_OBJC_ROOT_CLASS = YES_ERROR;
				CLANG_WARN_QUOTED_INCLUDE_IN_FRAMEWORK_HEADER = YES;
				CLANG_WARN_RANGE_LOOP_ANALYSIS = YES;
				CLANG_WARN_STRICT_PROTOTYPES = YES;
				CLANG_WARN_SUSPICIOUS_MOVE = YES;
				CLANG_WARN_UNGUARDED_AVAILABILITY = YES_AGGRESSIVE;
				CLANG_WARN_UNREACHABLE_CODE = YES;
				CLANG_WARN__DUPLICATE_METHOD_MATCH = YES;
				COPY_PHASE_STRIP = NO;
				DEBUG_INFORMATION_FORMAT = dwarf;
				ENABLE_STRICT_OBJC_MSGSEND = YES;
				ENABLE_TESTABILITY = YES;
				GCC_C_LANGUAGE_STANDARD = gnu11;
				GCC_DYNAMIC_NO_PIC = NO;
				GCC_NO_COMMON_BLOCKS = YES;
				GCC_OPTIMIZATION_LEVEL = 0;
				GCC_PREPROCESSOR_DEFINITIONS = (
					"DEBUG=1",
					"$(inherited)",
				);
				GCC_WARN_64_TO_32_BIT_CONVERSION = YES;
				GCC_WARN_ABOUT_RETURN_TYPE = YES_ERROR;
				GCC_WARN_UNDECLARED_SELECTOR = YES;
				GCC_WARN_UNINITIALIZED_AUTOS = YES_AGGRESSIVE;
				GCC_WARN_UNUSED_FUNCTION = YES;
				GCC_WARN_UNUSED_VARIABLE = YES;
				IPHONEOS_DEPLOYMENT_TARGET = 15.5;
				MTL_ENABLE_DEBUG_INFO = INCLUDE_SOURCE;
				MTL_FAST_MATH = YES;
				ONLY_ACTIVE_ARCH = YES;
				SDKROOT = iphoneos;
				SWIFT_ACTIVE_COMPILATION_CONDITIONS = DEBUG;
				SWIFT_OPTIMIZATION_LEVEL = "-Onone";
			};
			name = Debug;
		};
		0926BBE3289C2DA5009BB6D4 /* Release */ = {
			isa = XCBuildConfiguration;
			buildSettings = {
				ALWAYS_SEARCH_USER_PATHS = NO;
				CLANG_ANALYZER_NONNULL = YES;
				CLANG_ANALYZER_NUMBER_OBJECT_CONVERSION = YES_AGGRESSIVE;
				CLANG_CXX_LANGUAGE_STANDARD = "gnu++17";
				CLANG_ENABLE_MODULES = YES;
				CLANG_ENABLE_OBJC_ARC = YES;
				CLANG_ENABLE_OBJC_WEAK = YES;
				CLANG_WARN_BLOCK_CAPTURE_AUTORELEASING = YES;
				CLANG_WARN_BOOL_CONVERSION = YES;
				CLANG_WARN_COMMA = YES;
				CLANG_WARN_CONSTANT_CONVERSION = YES;
				CLANG_WARN_DEPRECATED_OBJC_IMPLEMENTATIONS = YES;
				CLANG_WARN_DIRECT_OBJC_ISA_USAGE = YES_ERROR;
				CLANG_WARN_DOCUMENTATION_COMMENTS = YES;
				CLANG_WARN_EMPTY_BODY = YES;
				CLANG_WARN_ENUM_CONVERSION = YES;
				CLANG_WARN_INFINITE_RECURSION = YES;
				CLANG_WARN_INT_CONVERSION = YES;
				CLANG_WARN_NON_LITERAL_NULL_CONVERSION = YES;
				CLANG_WARN_OBJC_IMPLICIT_RETAIN_SELF = YES;
				CLANG_WARN_OBJC_LITERAL_CONVERSION = YES;
				CLANG_WARN_OBJC_ROOT_CLASS = YES_ERROR;
				CLANG_WARN_QUOTED_INCLUDE_IN_FRAMEWORK_HEADER = YES;
				CLANG_WARN_RANGE_LOOP_ANALYSIS = YES;
				CLANG_WARN_STRICT_PROTOTYPES = YES;
				CLANG_WARN_SUSPICIOUS_MOVE = YES;
				CLANG_WARN_UNGUARDED_AVAILABILITY = YES_AGGRESSIVE;
				CLANG_WARN_UNREACHABLE_CODE = YES;
				CLANG_WARN__DUPLICATE_METHOD_MATCH = YES;
				COPY_PHASE_STRIP = NO;
				DEBUG_INFORMATION_FORMAT = "dwarf-with-dsym";
				ENABLE_NS_ASSERTIONS = NO;
				ENABLE_STRICT_OBJC_MSGSEND = YES;
				GCC_C_LANGUAGE_STANDARD = gnu11;
				GCC_NO_COMMON_BLOCKS = YES;
				GCC_WARN_64_TO_32_BIT_CONVERSION = YES;
				GCC_WARN_ABOUT_RETURN_TYPE = YES_ERROR;
				GCC_WARN_UNDECLARED_SELECTOR = YES;
				GCC_WARN_UNINITIALIZED_AUTOS = YES_AGGRESSIVE;
				GCC_WARN_UNUSED_FUNCTION = YES;
				GCC_WARN_UNUSED_VARIABLE = YES;
				IPHONEOS_DEPLOYMENT_TARGET = 15.5;
				MTL_ENABLE_DEBUG_INFO = NO;
				MTL_FAST_MATH = YES;
				SDKROOT = iphoneos;
				SWIFT_COMPILATION_MODE = wholemodule;
				SWIFT_OPTIMIZATION_LEVEL = "-O";
				VALIDATE_PRODUCT = YES;
			};
			name = Release;
		};
		0926BBE5289C2DA5009BB6D4 /* Debug */ = {
			isa = XCBuildConfiguration;
			buildSettings = {
				ASSETCATALOG_COMPILER_APPICON_NAME = AppIcon;
				ASSETCATALOG_COMPILER_GLOBAL_ACCENT_COLOR_NAME = AccentColor;
				CODE_SIGN_STYLE = Automatic;
				CURRENT_PROJECT_VERSION = 1;
				DEVELOPMENT_TEAM = 27TK5C5WMS;
				GENERATE_INFOPLIST_FILE = YES;
				INFOPLIST_FILE = "SpringDependencyHW3-1/AppConfig/Info.plist";
				INFOPLIST_KEY_UIApplicationSupportsIndirectInputEvents = YES;
				INFOPLIST_KEY_UILaunchStoryboardName = LaunchScreen;
				INFOPLIST_KEY_UIMainStoryboardFile = Main;
				INFOPLIST_KEY_UISupportedInterfaceOrientations_iPad = "UIInterfaceOrientationPortrait UIInterfaceOrientationPortraitUpsideDown UIInterfaceOrientationLandscapeLeft UIInterfaceOrientationLandscapeRight";
				INFOPLIST_KEY_UISupportedInterfaceOrientations_iPhone = "UIInterfaceOrientationPortrait UIInterfaceOrientationLandscapeLeft UIInterfaceOrientationLandscapeRight";
				LD_RUNPATH_SEARCH_PATHS = (
					"$(inherited)",
					"@executable_path/Frameworks",
				);
				MARKETING_VERSION = 1.0;
				PRODUCT_BUNDLE_IDENTIFIER = "ilya.SpringDependencyHW3-1";
				PRODUCT_NAME = "$(TARGET_NAME)";
				SWIFT_EMIT_LOC_STRINGS = YES;
				SWIFT_VERSION = 5.0;
				TARGETED_DEVICE_FAMILY = "1,2";
			};
			name = Debug;
		};
		0926BBE6289C2DA5009BB6D4 /* Release */ = {
			isa = XCBuildConfiguration;
			buildSettings = {
				ASSETCATALOG_COMPILER_APPICON_NAME = AppIcon;
				ASSETCATALOG_COMPILER_GLOBAL_ACCENT_COLOR_NAME = AccentColor;
				CODE_SIGN_STYLE = Automatic;
				CURRENT_PROJECT_VERSION = 1;
				DEVELOPMENT_TEAM = 27TK5C5WMS;
				GENERATE_INFOPLIST_FILE = YES;
				INFOPLIST_FILE = "SpringDependencyHW3-1/AppConfig/Info.plist";
				INFOPLIST_KEY_UIApplicationSupportsIndirectInputEvents = YES;
				INFOPLIST_KEY_UILaunchStoryboardName = LaunchScreen;
				INFOPLIST_KEY_UIMainStoryboardFile = Main;
				INFOPLIST_KEY_UISupportedInterfaceOrientations_iPad = "UIInterfaceOrientationPortrait UIInterfaceOrientationPortraitUpsideDown UIInterfaceOrientationLandscapeLeft UIInterfaceOrientationLandscapeRight";
				INFOPLIST_KEY_UISupportedInterfaceOrientations_iPhone = "UIInterfaceOrientationPortrait UIInterfaceOrientationLandscapeLeft UIInterfaceOrientationLandscapeRight";
				LD_RUNPATH_SEARCH_PATHS = (
					"$(inherited)",
					"@executable_path/Frameworks",
				);
				MARKETING_VERSION = 1.0;
				PRODUCT_BUNDLE_IDENTIFIER = "ilya.SpringDependencyHW3-1";
				PRODUCT_NAME = "$(TARGET_NAME)";
				SWIFT_EMIT_LOC_STRINGS = YES;
				SWIFT_VERSION = 5.0;
				TARGETED_DEVICE_FAMILY = "1,2";
			};
			name = Release;
		};
/* End XCBuildConfiguration section */

/* Begin XCConfigurationList section */
		0926BBCB289C2DA4009BB6D4 /* Build configuration list for PBXProject "SpringDependencyHW3-1" */ = {
			isa = XCConfigurationList;
			buildConfigurations = (
				0926BBE2289C2DA5009BB6D4 /* Debug */,
				0926BBE3289C2DA5009BB6D4 /* Release */,
			);
			defaultConfigurationIsVisible = 0;
			defaultConfigurationName = Release;
		};
		0926BBE4289C2DA5009BB6D4 /* Build configuration list for PBXNativeTarget "SpringDependencyHW3-1" */ = {
			isa = XCConfigurationList;
			buildConfigurations = (
				0926BBE5289C2DA5009BB6D4 /* Debug */,
				0926BBE6289C2DA5009BB6D4 /* Release */,
			);
			defaultConfigurationIsVisible = 0;
			defaultConfigurationName = Release;
		};
/* End XCConfigurationList section */

/* Begin XCRemoteSwiftPackageReference section */
		0926BBE8289C2F1D009BB6D4 /* XCRemoteSwiftPackageReference "SpringAnimation" */ = {
			isa = XCRemoteSwiftPackageReference;
			repositoryURL = "https://github.com/LexDeBash/SpringAnimation";
			requirement = {
				kind = upToNextMajorVersion;
				minimumVersion = 0.3.0;
			};
		};
		0926BBED289C32A0009BB6D4 /* XCRemoteSwiftPackageReference "SpringAnimation" */ = {
			isa = XCRemoteSwiftPackageReference;
			repositoryURL = "https://github.com/LexDeBash/SpringAnimation";
			requirement = {
				branch = main;
				kind = branch;
			};
		};
		0926BBF0289C32B2009BB6D4 /* XCRemoteSwiftPackageReference "SpringAnimation" */ = {
			isa = XCRemoteSwiftPackageReference;
			repositoryURL = "https://github.com/LexDeBash/SpringAnimation";
			requirement = {
				branch = main;
				kind = branch;
			};
		};
/* End XCRemoteSwiftPackageReference section */

/* Begin XCSwiftPackageProductDependency section */
		0926BBEE289C32A0009BB6D4 /* SpringAnimation */ = {
			isa = XCSwiftPackageProductDependency;
			package = 0926BBED289C32A0009BB6D4 /* XCRemoteSwiftPackageReference "SpringAnimation" */;
			productName = SpringAnimation;
		};
		0926BBF1289C32B2009BB6D4 /* SpringAnimation */ = {
			isa = XCSwiftPackageProductDependency;
			package = 0926BBED289C32A0009BB6D4 /* XCRemoteSwiftPackageReference "SpringAnimation" */;
			productName = SpringAnimation;
		};
/* End XCSwiftPackageProductDependency section */
	};
	rootObject = 0926BBC8289C2DA4009BB6D4 /* Project object */;
}
